
Microsoft Visual Studio Solution File, Format Version 12.00
# Visual Studio Version 17
VisualStudioVersion = 17.8.34330.188
MinimumVisualStudioVersion = 10.0.40219.1
Project("{FAE04EC0-301F-11D3-BF4B-00C04F79EFBC}") = "Inher", "Inher\Inher.csproj", "{F542923A-66FD-4D91-A1DC-4BDF5061E8A5}"
EndProject
Global
	GlobalSection(SolutionConfigurationPlatforms) = preSolution
		Debug|Any CPU = Debug|Any CPU
		Release|Any CPU = Release|Any CPU
	EndGlobalSection
	GlobalSection(ProjectConfigurationPlatforms) = postSolution
		{F542923A-66FD-4D91-A1DC-4BDF5061E8A5}.Debug|Any CPU.ActiveCfg = Debug|Any CPU
		{F542923A-66FD-4D91-A1DC-4BDF5061E8A5}.Debug|Any CPU.Build.0 = Debug|Any CPU
		{F542923A-66FD-4D91-A1DC-4BDF5061E8A5}.Release|Any CPU.ActiveCfg = Release|Any CPU
		{F542923A-66FD-4D91-A1DC-4BDF5061E8A5}.Release|Any CPU.Build.0 = Release|Any CPU
	EndGlobalSection
	GlobalSection(SolutionProperties) = preSolution
		HideSolutionNode = FALSE
	EndGlobalSection
	GlobalSection(ExtensibilityGlobals) = postSolution
		SolutionGuid = {04972BF7-1556-44FB-9899-EE8FB1E44FF7}
	EndGlobalSection
EndGlobal
