
Microsoft Visual Studio Solution File, Format Version 12.00
# Visual Studio Version 17
VisualStudioVersion = 17.8.34330.188
MinimumVisualStudioVersion = 10.0.40219.1
Project("{FAE04EC0-301F-11D3-BF4B-00C04F79EFBC}") = "StringMethods", "StringMethods\StringMethods.csproj", "{A0D2EC11-C429-4B18-B991-E96BFE2C9B60}"
EndProject
Global
	GlobalSection(SolutionConfigurationPlatforms) = preSolution
		Debug|Any CPU = Debug|Any CPU
		Release|Any CPU = Release|Any CPU
	EndGlobalSection
	GlobalSection(ProjectConfigurationPlatforms) = postSolution
		{A0D2EC11-C429-4B18-B991-E96BFE2C9B60}.Debug|Any CPU.ActiveCfg = Debug|Any CPU
		{A0D2EC11-C429-4B18-B991-E96BFE2C9B60}.Debug|Any CPU.Build.0 = Debug|Any CPU
		{A0D2EC11-C429-4B18-B991-E96BFE2C9B60}.Release|Any CPU.ActiveCfg = Release|Any CPU
		{A0D2EC11-C429-4B18-B991-E96BFE2C9B60}.Release|Any CPU.Build.0 = Release|Any CPU
	EndGlobalSection
	GlobalSection(SolutionProperties) = preSolution
		HideSolutionNode = FALSE
	EndGlobalSection
	GlobalSection(ExtensibilityGlobals) = postSolution
		SolutionGuid = {C11A49C5-F89B-4236-9504-0CF5D37DA41F}
	EndGlobalSection
EndGlobal
